{
  "name": "nodetask-2",
  "version": "1.0.0",
  "lockfileVersion": 3,
  "requires": true,
  "packages": {
    "": {
      "name": "nodetask-2",
      "version": "1.0.0",
      "license": "ISC",
      "dependencies": {
        "simple-letter-checker": "^0.0.3"
      }
    },
    "node_modules/simple-letter-checker": {
      "version": "0.0.3",
      "resolved": "https://registry.npmjs.org/simple-letter-checker/-/simple-letter-checker-0.0.3.tgz",
      "integrity": "sha512-8AfxMThpKnXRv53OJgulXha9NzZ1vlZdfX+1fCfdvK3QsAxEPJQ7IFCJOyrF+4yJUAMpNXTNsQrvZqQOGhRBvg=="
    }
  }
}
